
Microsoft Visual Studio Solution File, Format Version 12.00
# Visual Studio Version 17
VisualStudioVersion = 17.4.33205.214
MinimumVisualStudioVersion = 10.0.40219.1
Project("{FAE04EC0-301F-11D3-BF4B-00C04F79EFBC}") = "Triangle", "Triangle\Triangle.csproj", "{C03B7275-4098-4C27-ABEF-EB0B91BE5811}"
EndProject
Global
	GlobalSection(SolutionConfigurationPlatforms) = preSolution
		Debug|Any CPU = Debug|Any CPU
		Release|Any CPU = Release|Any CPU
	EndGlobalSection
	GlobalSection(ProjectConfigurationPlatforms) = postSolution
		{C03B7275-4098-4C27-ABEF-EB0B91BE5811}.Debug|Any CPU.ActiveCfg = Debug|Any CPU
		{C03B7275-4098-4C27-ABEF-EB0B91BE5811}.Debug|Any CPU.Build.0 = Debug|Any CPU
		{C03B7275-4098-4C27-ABEF-EB0B91BE5811}.Release|Any CPU.ActiveCfg = Release|Any CPU
		{C03B7275-4098-4C27-ABEF-EB0B91BE5811}.Release|Any CPU.Build.0 = Release|Any CPU
	EndGlobalSection
	GlobalSection(SolutionProperties) = preSolution
		HideSolutionNode = FALSE
	EndGlobalSection
	GlobalSection(ExtensibilityGlobals) = postSolution
		SolutionGuid = {3D2A19CA-E311-4164-A77E-B2CF7199B071}
	EndGlobalSection
EndGlobal
